
Microsoft Visual Studio Solution File, Format Version 12.00
# Visual Studio 15
VisualStudioVersion = 15.0.27703.2026
MinimumVisualStudioVersion = 10.0.40219.1
Project("{9A19103F-16F7-4668-BE54-9A1E7A4F7556}") = "keenBlip.Web", "keenBlip.Web\keenBlip.Web.csproj", "{A29E7A94-D05F-47D5-A77A-92B08C509E2C}"
EndProject
Project("{FAE04EC0-301F-11D3-BF4B-00C04F79EFBC}") = "keenBlip.Entities", "keenBlip.Entities\keenBlip.Entities.csproj", "{23BC65D0-564D-445A-8DE3-CEE6CE99AE4C}"
EndProject
Project("{FAE04EC0-301F-11D3-BF4B-00C04F79EFBC}") = "keenBlip.Entities.Tests", "keenBlip.Entities.Tests\keenBlip.Entities.Tests.csproj", "{4A9C2311-6F2A-4A34-BCBC-33E37FAFF07A}"
EndProject
Project("{FAE04EC0-301F-11D3-BF4B-00C04F79EFBC}") = "keenBlip.Data", "keenBlip.Data\keenBlip.Data.csproj", "{8DA310E9-9D54-4FE0-9E2A-4BEEFA278081}"
EndProject
Project("{FAE04EC0-301F-11D3-BF4B-00C04F79EFBC}") = "keenBlip.Data.Tests", "keenBlip.Data.Tests\keenBlip.Data.Tests.csproj", "{717F1736-E9E5-4D2C-B06C-5477C6B5E093}"
EndProject
Project("{FAE04EC0-301F-11D3-BF4B-00C04F79EFBC}") = "keenBlip.Common", "keenBlip.Common\keenBlip.Common.csproj", "{5AB69B8B-83DA-42AC-9168-0B14A3745BB0}"
EndProject
Project("{FAE04EC0-301F-11D3-BF4B-00C04F79EFBC}") = "keenBlip.Common.Tests", "keenBlip.Common.Tests\keenBlip.Common.Tests.csproj", "{0C811A10-021B-4D4A-B53E-0571BF1D08A3}"
EndProject
Project("{FAE04EC0-301F-11D3-BF4B-00C04F79EFBC}") = "keenBlip.Web.Controllers", "keenBlip.Web.Controllers\keenBlip.Web.Controllers.csproj", "{2096B1C6-6185-4D70-A24B-7C2632C0D2C4}"
EndProject
Project("{FAE04EC0-301F-11D3-BF4B-00C04F79EFBC}") = "keenBlip.Web.Controllers.Tests", "keenBlip.Web.Controllers.Tests\keenBlip.Web.Controllers.Tests.csproj", "{B2CC1112-4B1C-421E-82DC-008E9205FD7A}"
EndProject
Project("{FAE04EC0-301F-11D3-BF4B-00C04F79EFBC}") = "keenBlip.Web.Components", "keenBlip.Web.Components\keenBlip.Web.Components.csproj", "{919C6FD2-30C7-4289-9EFF-EB82A6DA4758}"
EndProject
Project("{FAE04EC0-301F-11D3-BF4B-00C04F79EFBC}") = "keenBlip.Web.Components.Tests", "keenBlip.Web.Components.Tests\keenBlip.Web.Components.Tests.csproj", "{3B69C9FD-B1CA-48D9-A372-991BBC2A9A3F}"
EndProject
Project("{FAE04EC0-301F-11D3-BF4B-00C04F79EFBC}") = "keenBlip.Models", "keenBlip.Models\keenBlip.Models.csproj", "{6F8F79B1-2AF0-4895-AA2B-397AE0CAC8D6}"
EndProject
Project("{FAE04EC0-301F-11D3-BF4B-00C04F79EFBC}") = "keenBlip.Models.Tests", "keenBlip.Models.Tests\keenBlip.Models.Tests.csproj", "{17C3604D-8E72-4B6A-A32E-EFDFA16C3D15}"
EndProject
Project("{FAE04EC0-301F-11D3-BF4B-00C04F79EFBC}") = "keenBlip.WordSmith.Api", "keenBlip.WordSmith.Api\keenBlip.WordSmith.Api.csproj", "{0F6B655C-6262-48DC-BD7A-F36D01E81F3B}"
EndProject
Global
	GlobalSection(SolutionConfigurationPlatforms) = preSolution
		Debug|Any CPU = Debug|Any CPU
		Release|Any CPU = Release|Any CPU
	EndGlobalSection
	GlobalSection(ProjectConfigurationPlatforms) = postSolution
		{A29E7A94-D05F-47D5-A77A-92B08C509E2C}.Debug|Any CPU.ActiveCfg = Debug|Any CPU
		{A29E7A94-D05F-47D5-A77A-92B08C509E2C}.Debug|Any CPU.Build.0 = Debug|Any CPU
		{A29E7A94-D05F-47D5-A77A-92B08C509E2C}.Release|Any CPU.ActiveCfg = Release|Any CPU
		{A29E7A94-D05F-47D5-A77A-92B08C509E2C}.Release|Any CPU.Build.0 = Release|Any CPU
		{23BC65D0-564D-445A-8DE3-CEE6CE99AE4C}.Debug|Any CPU.ActiveCfg = Debug|Any CPU
		{23BC65D0-564D-445A-8DE3-CEE6CE99AE4C}.Debug|Any CPU.Build.0 = Debug|Any CPU
		{23BC65D0-564D-445A-8DE3-CEE6CE99AE4C}.Release|Any CPU.ActiveCfg = Release|Any CPU
		{23BC65D0-564D-445A-8DE3-CEE6CE99AE4C}.Release|Any CPU.Build.0 = Release|Any CPU
		{4A9C2311-6F2A-4A34-BCBC-33E37FAFF07A}.Debug|Any CPU.ActiveCfg = Debug|Any CPU
		{4A9C2311-6F2A-4A34-BCBC-33E37FAFF07A}.Debug|Any CPU.Build.0 = Debug|Any CPU
		{4A9C2311-6F2A-4A34-BCBC-33E37FAFF07A}.Release|Any CPU.ActiveCfg = Release|Any CPU
		{4A9C2311-6F2A-4A34-BCBC-33E37FAFF07A}.Release|Any CPU.Build.0 = Release|Any CPU
		{8DA310E9-9D54-4FE0-9E2A-4BEEFA278081}.Debug|Any CPU.ActiveCfg = Debug|Any CPU
		{8DA310E9-9D54-4FE0-9E2A-4BEEFA278081}.Debug|Any CPU.Build.0 = Debug|Any CPU
		{8DA310E9-9D54-4FE0-9E2A-4BEEFA278081}.Release|Any CPU.ActiveCfg = Release|Any CPU
		{8DA310E9-9D54-4FE0-9E2A-4BEEFA278081}.Release|Any CPU.Build.0 = Release|Any CPU
		{717F1736-E9E5-4D2C-B06C-5477C6B5E093}.Debug|Any CPU.ActiveCfg = Debug|Any CPU
		{717F1736-E9E5-4D2C-B06C-5477C6B5E093}.Debug|Any CPU.Build.0 = Debug|Any CPU
		{717F1736-E9E5-4D2C-B06C-5477C6B5E093}.Release|Any CPU.ActiveCfg = Release|Any CPU
		{717F1736-E9E5-4D2C-B06C-5477C6B5E093}.Release|Any CPU.Build.0 = Release|Any CPU
		{5AB69B8B-83DA-42AC-9168-0B14A3745BB0}.Debug|Any CPU.ActiveCfg = Debug|Any CPU
		{5AB69B8B-83DA-42AC-9168-0B14A3745BB0}.Debug|Any CPU.Build.0 = Debug|Any CPU
		{5AB69B8B-83DA-42AC-9168-0B14A3745BB0}.Release|Any CPU.ActiveCfg = Release|Any CPU
		{5AB69B8B-83DA-42AC-9168-0B14A3745BB0}.Release|Any CPU.Build.0 = Release|Any CPU
		{0C811A10-021B-4D4A-B53E-0571BF1D08A3}.Debug|Any CPU.ActiveCfg = Debug|Any CPU
		{0C811A10-021B-4D4A-B53E-0571BF1D08A3}.Debug|Any CPU.Build.0 = Debug|Any CPU
		{0C811A10-021B-4D4A-B53E-0571BF1D08A3}.Release|Any CPU.ActiveCfg = Release|Any CPU
		{0C811A10-021B-4D4A-B53E-0571BF1D08A3}.Release|Any CPU.Build.0 = Release|Any CPU
		{2096B1C6-6185-4D70-A24B-7C2632C0D2C4}.Debug|Any CPU.ActiveCfg = Debug|Any CPU
		{2096B1C6-6185-4D70-A24B-7C2632C0D2C4}.Debug|Any CPU.Build.0 = Debug|Any CPU
		{2096B1C6-6185-4D70-A24B-7C2632C0D2C4}.Release|Any CPU.ActiveCfg = Release|Any CPU
		{2096B1C6-6185-4D70-A24B-7C2632C0D2C4}.Release|Any CPU.Build.0 = Release|Any CPU
		{B2CC1112-4B1C-421E-82DC-008E9205FD7A}.Debug|Any CPU.ActiveCfg = Debug|Any CPU
		{B2CC1112-4B1C-421E-82DC-008E9205FD7A}.Debug|Any CPU.Build.0 = Debug|Any CPU
		{B2CC1112-4B1C-421E-82DC-008E9205FD7A}.Release|Any CPU.ActiveCfg = Release|Any CPU
		{B2CC1112-4B1C-421E-82DC-008E9205FD7A}.Release|Any CPU.Build.0 = Release|Any CPU
		{919C6FD2-30C7-4289-9EFF-EB82A6DA4758}.Debug|Any CPU.ActiveCfg = Debug|Any CPU
		{919C6FD2-30C7-4289-9EFF-EB82A6DA4758}.Debug|Any CPU.Build.0 = Debug|Any CPU
		{919C6FD2-30C7-4289-9EFF-EB82A6DA4758}.Release|Any CPU.ActiveCfg = Release|Any CPU
		{919C6FD2-30C7-4289-9EFF-EB82A6DA4758}.Release|Any CPU.Build.0 = Release|Any CPU
		{3B69C9FD-B1CA-48D9-A372-991BBC2A9A3F}.Debug|Any CPU.ActiveCfg = Debug|Any CPU
		{3B69C9FD-B1CA-48D9-A372-991BBC2A9A3F}.Debug|Any CPU.Build.0 = Debug|Any CPU
		{3B69C9FD-B1CA-48D9-A372-991BBC2A9A3F}.Release|Any CPU.ActiveCfg = Release|Any CPU
		{3B69C9FD-B1CA-48D9-A372-991BBC2A9A3F}.Release|Any CPU.Build.0 = Release|Any CPU
		{6F8F79B1-2AF0-4895-AA2B-397AE0CAC8D6}.Debug|Any CPU.ActiveCfg = Debug|Any CPU
		{6F8F79B1-2AF0-4895-AA2B-397AE0CAC8D6}.Debug|Any CPU.Build.0 = Debug|Any CPU
		{6F8F79B1-2AF0-4895-AA2B-397AE0CAC8D6}.Release|Any CPU.ActiveCfg = Release|Any CPU
		{6F8F79B1-2AF0-4895-AA2B-397AE0CAC8D6}.Release|Any CPU.Build.0 = Release|Any CPU
		{17C3604D-8E72-4B6A-A32E-EFDFA16C3D15}.Debug|Any CPU.ActiveCfg = Debug|Any CPU
		{17C3604D-8E72-4B6A-A32E-EFDFA16C3D15}.Debug|Any CPU.Build.0 = Debug|Any CPU
		{17C3604D-8E72-4B6A-A32E-EFDFA16C3D15}.Release|Any CPU.ActiveCfg = Release|Any CPU
		{17C3604D-8E72-4B6A-A32E-EFDFA16C3D15}.Release|Any CPU.Build.0 = Release|Any CPU
		{0F6B655C-6262-48DC-BD7A-F36D01E81F3B}.Debug|Any CPU.ActiveCfg = Debug|Any CPU
		{0F6B655C-6262-48DC-BD7A-F36D01E81F3B}.Debug|Any CPU.Build.0 = Debug|Any CPU
		{0F6B655C-6262-48DC-BD7A-F36D01E81F3B}.Release|Any CPU.ActiveCfg = Release|Any CPU
		{0F6B655C-6262-48DC-BD7A-F36D01E81F3B}.Release|Any CPU.Build.0 = Release|Any CPU
	EndGlobalSection
	GlobalSection(SolutionProperties) = preSolution
		HideSolutionNode = FALSE
	EndGlobalSection
	GlobalSection(ExtensibilityGlobals) = postSolution
		SolutionGuid = {E5B421FD-AEBC-4461-9C9F-F5E9BD701225}
	EndGlobalSection
EndGlobal
